
Microsoft Visual Studio Solution File, Format Version 12.00
# Visual Studio Version 17
VisualStudioVersion = 17.0.31903.59
MinimumVisualStudioVersion = 10.0.40219.1
Project("{2150E333-8FDC-42A3-9474-1A3956D46DE8}") = "src", "src", "{8940468E-D578-45E1-85A3-7AD9E3240F74}"
EndProject
Project("{FAE04EC0-301F-11D3-BF4B-00C04F79EFBC}") = "AuctionService", "src\AuctionService\AuctionService.csproj", "{E301A00A-8B27-42AB-9A81-768B41745AFF}"
EndProject
Project("{FAE04EC0-301F-11D3-BF4B-00C04F79EFBC}") = "SearchService", "src\SearchService\SearchService.csproj", "{CA44F963-DF82-4FB1-A4A3-BF7E56997FAB}"
EndProject
Project("{FAE04EC0-301F-11D3-BF4B-00C04F79EFBC}") = "Contracts", "src\Contracts\Contracts.csproj", "{57F42A12-8862-413E-AE98-99BBFBB98856}"
EndProject
Project("{FAE04EC0-301F-11D3-BF4B-00C04F79EFBC}") = "IdentityService", "src\IdentityService\IdentityService.csproj", "{54E0FB1E-20B0-4BD3-B7B0-701463917E3B}"
EndProject
Project("{FAE04EC0-301F-11D3-BF4B-00C04F79EFBC}") = "GatewayService", "src\GatewayService\GatewayService.csproj", "{543FB22E-A2C1-447E-8C5A-9BC9E0D4C059}"
EndProject
Project("{FAE04EC0-301F-11D3-BF4B-00C04F79EFBC}") = "BiddingService", "src\BiddingService\BiddingService.csproj", "{7B95AB76-B9A7-4DCF-B9F6-E5342B040829}"
EndProject
Global
	GlobalSection(SolutionConfigurationPlatforms) = preSolution
		Debug|Any CPU = Debug|Any CPU
		Release|Any CPU = Release|Any CPU
	EndGlobalSection
	GlobalSection(SolutionProperties) = preSolution
		HideSolutionNode = FALSE
	EndGlobalSection
	GlobalSection(ProjectConfigurationPlatforms) = postSolution
		{E301A00A-8B27-42AB-9A81-768B41745AFF}.Debug|Any CPU.ActiveCfg = Debug|Any CPU
		{E301A00A-8B27-42AB-9A81-768B41745AFF}.Debug|Any CPU.Build.0 = Debug|Any CPU
		{E301A00A-8B27-42AB-9A81-768B41745AFF}.Release|Any CPU.ActiveCfg = Release|Any CPU
		{E301A00A-8B27-42AB-9A81-768B41745AFF}.Release|Any CPU.Build.0 = Release|Any CPU
		{CA44F963-DF82-4FB1-A4A3-BF7E56997FAB}.Debug|Any CPU.ActiveCfg = Debug|Any CPU
		{CA44F963-DF82-4FB1-A4A3-BF7E56997FAB}.Debug|Any CPU.Build.0 = Debug|Any CPU
		{CA44F963-DF82-4FB1-A4A3-BF7E56997FAB}.Release|Any CPU.ActiveCfg = Release|Any CPU
		{CA44F963-DF82-4FB1-A4A3-BF7E56997FAB}.Release|Any CPU.Build.0 = Release|Any CPU
		{57F42A12-8862-413E-AE98-99BBFBB98856}.Debug|Any CPU.ActiveCfg = Debug|Any CPU
		{57F42A12-8862-413E-AE98-99BBFBB98856}.Debug|Any CPU.Build.0 = Debug|Any CPU
		{57F42A12-8862-413E-AE98-99BBFBB98856}.Release|Any CPU.ActiveCfg = Release|Any CPU
		{57F42A12-8862-413E-AE98-99BBFBB98856}.Release|Any CPU.Build.0 = Release|Any CPU
		{54E0FB1E-20B0-4BD3-B7B0-701463917E3B}.Debug|Any CPU.ActiveCfg = Debug|Any CPU
		{54E0FB1E-20B0-4BD3-B7B0-701463917E3B}.Debug|Any CPU.Build.0 = Debug|Any CPU
		{54E0FB1E-20B0-4BD3-B7B0-701463917E3B}.Release|Any CPU.ActiveCfg = Release|Any CPU
		{54E0FB1E-20B0-4BD3-B7B0-701463917E3B}.Release|Any CPU.Build.0 = Release|Any CPU
		{543FB22E-A2C1-447E-8C5A-9BC9E0D4C059}.Debug|Any CPU.ActiveCfg = Debug|Any CPU
		{543FB22E-A2C1-447E-8C5A-9BC9E0D4C059}.Debug|Any CPU.Build.0 = Debug|Any CPU
		{543FB22E-A2C1-447E-8C5A-9BC9E0D4C059}.Release|Any CPU.ActiveCfg = Release|Any CPU
		{543FB22E-A2C1-447E-8C5A-9BC9E0D4C059}.Release|Any CPU.Build.0 = Release|Any CPU
		{7B95AB76-B9A7-4DCF-B9F6-E5342B040829}.Debug|Any CPU.ActiveCfg = Debug|Any CPU
		{7B95AB76-B9A7-4DCF-B9F6-E5342B040829}.Debug|Any CPU.Build.0 = Debug|Any CPU
		{7B95AB76-B9A7-4DCF-B9F6-E5342B040829}.Release|Any CPU.ActiveCfg = Release|Any CPU
		{7B95AB76-B9A7-4DCF-B9F6-E5342B040829}.Release|Any CPU.Build.0 = Release|Any CPU
	EndGlobalSection
	GlobalSection(NestedProjects) = preSolution
		{E301A00A-8B27-42AB-9A81-768B41745AFF} = {8940468E-D578-45E1-85A3-7AD9E3240F74}
		{CA44F963-DF82-4FB1-A4A3-BF7E56997FAB} = {8940468E-D578-45E1-85A3-7AD9E3240F74}
		{57F42A12-8862-413E-AE98-99BBFBB98856} = {8940468E-D578-45E1-85A3-7AD9E3240F74}
		{54E0FB1E-20B0-4BD3-B7B0-701463917E3B} = {8940468E-D578-45E1-85A3-7AD9E3240F74}
		{543FB22E-A2C1-447E-8C5A-9BC9E0D4C059} = {8940468E-D578-45E1-85A3-7AD9E3240F74}
		{7B95AB76-B9A7-4DCF-B9F6-E5342B040829} = {8940468E-D578-45E1-85A3-7AD9E3240F74}
	EndGlobalSection
EndGlobal
